
Microsoft Visual Studio Solution File, Format Version 12.00
Project("{FAE04EC0-301F-11D3-BF4B-00C04F79EFBC}") = "Cptis.Core", "src\Cptis.Core\Cptis.Core.csproj", "{B291F48A-1E62-4810-B06E-EA5823D4D486}"
EndProject
Project("{FAE04EC0-301F-11D3-BF4B-00C04F79EFBC}") = "Cptis.EntityFramework", "src\Cptis.EntityFramework\Cptis.EntityFramework.csproj", "{94A775B0-432D-4EC1-BCD1-A0A2B1A89F1B}"
EndProject
Project("{FAE04EC0-301F-11D3-BF4B-00C04F79EFBC}") = "Cptis.Api", "src\Cptis.Api\Cptis.Api.csproj", "{84A7CA87-1ADB-4FBD-A746-1997E1BAD1EE}"
EndProject
Project("{FAE04EC0-301F-11D3-BF4B-00C04F79EFBC}") = "Cptis.Core.Tests", "tests\Cptis.Core.Tests\Cptis.Core.Tests.csproj", "{1ADA8356-296E-4640-9860-AA02180C8DF5}"
EndProject
Project("{FAE04EC0-301F-11D3-BF4B-00C04F79EFBC}") = "Cptis.Application", "src\Cptis.Application\Cptis.Application.csproj", "{71B8AA18-CA95-4D46-B744-D05EF1FF3BBB}"
EndProject
Global
	GlobalSection(SolutionConfigurationPlatforms) = preSolution
		Debug|Any CPU = Debug|Any CPU
		Release|Any CPU = Release|Any CPU
	EndGlobalSection
	GlobalSection(ProjectConfigurationPlatforms) = postSolution
		{B291F48A-1E62-4810-B06E-EA5823D4D486}.Debug|Any CPU.ActiveCfg = Debug|Any CPU
		{B291F48A-1E62-4810-B06E-EA5823D4D486}.Debug|Any CPU.Build.0 = Debug|Any CPU
		{B291F48A-1E62-4810-B06E-EA5823D4D486}.Release|Any CPU.ActiveCfg = Release|Any CPU
		{B291F48A-1E62-4810-B06E-EA5823D4D486}.Release|Any CPU.Build.0 = Release|Any CPU
		{94A775B0-432D-4EC1-BCD1-A0A2B1A89F1B}.Debug|Any CPU.ActiveCfg = Debug|Any CPU
		{94A775B0-432D-4EC1-BCD1-A0A2B1A89F1B}.Debug|Any CPU.Build.0 = Debug|Any CPU
		{94A775B0-432D-4EC1-BCD1-A0A2B1A89F1B}.Release|Any CPU.ActiveCfg = Release|Any CPU
		{94A775B0-432D-4EC1-BCD1-A0A2B1A89F1B}.Release|Any CPU.Build.0 = Release|Any CPU
		{84A7CA87-1ADB-4FBD-A746-1997E1BAD1EE}.Debug|Any CPU.ActiveCfg = Debug|Any CPU
		{84A7CA87-1ADB-4FBD-A746-1997E1BAD1EE}.Debug|Any CPU.Build.0 = Debug|Any CPU
		{84A7CA87-1ADB-4FBD-A746-1997E1BAD1EE}.Release|Any CPU.ActiveCfg = Release|Any CPU
		{84A7CA87-1ADB-4FBD-A746-1997E1BAD1EE}.Release|Any CPU.Build.0 = Release|Any CPU
		{1ADA8356-296E-4640-9860-AA02180C8DF5}.Debug|Any CPU.ActiveCfg = Debug|Any CPU
		{1ADA8356-296E-4640-9860-AA02180C8DF5}.Debug|Any CPU.Build.0 = Debug|Any CPU
		{1ADA8356-296E-4640-9860-AA02180C8DF5}.Release|Any CPU.ActiveCfg = Release|Any CPU
		{1ADA8356-296E-4640-9860-AA02180C8DF5}.Release|Any CPU.Build.0 = Release|Any CPU
		{71B8AA18-CA95-4D46-B744-D05EF1FF3BBB}.Debug|Any CPU.ActiveCfg = Debug|Any CPU
		{71B8AA18-CA95-4D46-B744-D05EF1FF3BBB}.Debug|Any CPU.Build.0 = Debug|Any CPU
		{71B8AA18-CA95-4D46-B744-D05EF1FF3BBB}.Release|Any CPU.ActiveCfg = Release|Any CPU
		{71B8AA18-CA95-4D46-B744-D05EF1FF3BBB}.Release|Any CPU.Build.0 = Release|Any CPU
	EndGlobalSection
EndGlobal
